
Microsoft Visual Studio Solution File, Format Version 12.00
# Visual Studio Version 16
VisualStudioVersion = 16.0.30204.135
MinimumVisualStudioVersion = 10.0.40219.1
Project("{888888A0-9F3D-457C-B088-3A5042F75D52}") = "PyTrainingParser", "PyTrainingParser\PyTrainingParser.pyproj", "{D8C9313C-1D37-4920-854E-C8740ADED913}"
EndProject
Global
	GlobalSection(SolutionConfigurationPlatforms) = preSolution
		Debug|Any CPU = Debug|Any CPU
		Release|Any CPU = Release|Any CPU
	EndGlobalSection
	GlobalSection(ProjectConfigurationPlatforms) = postSolution
		{D8C9313C-1D37-4920-854E-C8740ADED913}.Debug|Any CPU.ActiveCfg = Debug|Any CPU
		{D8C9313C-1D37-4920-854E-C8740ADED913}.Release|Any CPU.ActiveCfg = Release|Any CPU
	EndGlobalSection
	GlobalSection(SolutionProperties) = preSolution
		HideSolutionNode = FALSE
	EndGlobalSection
	GlobalSection(ExtensibilityGlobals) = postSolution
		SolutionGuid = {ABFA4409-ABF2-4335-9FAF-7D2164780528}
	EndGlobalSection
EndGlobal
